
Microsoft Visual Studio Solution File, Format Version 12.00
# Visual Studio Version 17
VisualStudioVersion = 17.7.34031.279
MinimumVisualStudioVersion = 10.0.40219.1
Project("{FAE04EC0-301F-11D3-BF4B-00C04F79EFBC}") = "Medelberäknaren - Utan Klasser", "Medelberäknaren - Utan Klasser\Medelberäknaren - Utan Klasser.csproj", "{461FCE82-8FC9-4BF2-8F22-9004D99CE4F1}"
EndProject
Global
	GlobalSection(SolutionConfigurationPlatforms) = preSolution
		Debug|Any CPU = Debug|Any CPU
		Release|Any CPU = Release|Any CPU
	EndGlobalSection
	GlobalSection(ProjectConfigurationPlatforms) = postSolution
		{461FCE82-8FC9-4BF2-8F22-9004D99CE4F1}.Debug|Any CPU.ActiveCfg = Debug|Any CPU
		{461FCE82-8FC9-4BF2-8F22-9004D99CE4F1}.Debug|Any CPU.Build.0 = Debug|Any CPU
		{461FCE82-8FC9-4BF2-8F22-9004D99CE4F1}.Release|Any CPU.ActiveCfg = Release|Any CPU
		{461FCE82-8FC9-4BF2-8F22-9004D99CE4F1}.Release|Any CPU.Build.0 = Release|Any CPU
	EndGlobalSection
	GlobalSection(SolutionProperties) = preSolution
		HideSolutionNode = FALSE
	EndGlobalSection
	GlobalSection(ExtensibilityGlobals) = postSolution
		SolutionGuid = {05AC4058-6213-494A-90C9-6288534E0033}
	EndGlobalSection
EndGlobal
